
Microsoft Visual Studio Solution File, Format Version 12.00
# Visual Studio Version 17
VisualStudioVersion = 17.14.36705.20 d17.14
MinimumVisualStudioVersion = 10.0.40219.1
Project("{FAE04EC0-301F-11D3-BF4B-00C04F79EFBC}") = "PTesteMétodos", "PTesteMétodos\PTesteMétodos.csproj", "{A3970656-5AE9-4C59-B887-6F299D260B96}"
EndProject
Global
	GlobalSection(SolutionConfigurationPlatforms) = preSolution
		Debug|Any CPU = Debug|Any CPU
		Release|Any CPU = Release|Any CPU
	EndGlobalSection
	GlobalSection(ProjectConfigurationPlatforms) = postSolution
		{A3970656-5AE9-4C59-B887-6F299D260B96}.Debug|Any CPU.ActiveCfg = Debug|Any CPU
		{A3970656-5AE9-4C59-B887-6F299D260B96}.Debug|Any CPU.Build.0 = Debug|Any CPU
		{A3970656-5AE9-4C59-B887-6F299D260B96}.Release|Any CPU.ActiveCfg = Release|Any CPU
		{A3970656-5AE9-4C59-B887-6F299D260B96}.Release|Any CPU.Build.0 = Release|Any CPU
	EndGlobalSection
	GlobalSection(SolutionProperties) = preSolution
		HideSolutionNode = FALSE
	EndGlobalSection
	GlobalSection(ExtensibilityGlobals) = postSolution
		SolutionGuid = {DDE3FC40-C7CD-4466-8989-8A9DBFAF62C6}
	EndGlobalSection
EndGlobal
